
Microsoft Visual Studio Solution File, Format Version 12.00
# Visual Studio Version 17
VisualStudioVersion = 17.8.34601.278
MinimumVisualStudioVersion = 10.0.40219.1
Project("{9A19103F-16F7-4668-BE54-9A1E7A4F7556}") = "Dinners2", "Dinners2.csproj", "{9CC25D81-FE04-470D-8960-BE267B8D94A2}"
EndProject
Global
	GlobalSection(SolutionConfigurationPlatforms) = preSolution
		Debug|Any CPU = Debug|Any CPU
		Release|Any CPU = Release|Any CPU
	EndGlobalSection
	GlobalSection(ProjectConfigurationPlatforms) = postSolution
		{9CC25D81-FE04-470D-8960-BE267B8D94A2}.Debug|Any CPU.ActiveCfg = Debug|Any CPU
		{9CC25D81-FE04-470D-8960-BE267B8D94A2}.Debug|Any CPU.Build.0 = Debug|Any CPU
		{9CC25D81-FE04-470D-8960-BE267B8D94A2}.Release|Any CPU.ActiveCfg = Release|Any CPU
		{9CC25D81-FE04-470D-8960-BE267B8D94A2}.Release|Any CPU.Build.0 = Release|Any CPU
	EndGlobalSection
	GlobalSection(SolutionProperties) = preSolution
		HideSolutionNode = FALSE
	EndGlobalSection
	GlobalSection(ExtensibilityGlobals) = postSolution
		SolutionGuid = {5B09CDEB-EB06-4B61-AB96-3258E0CFA144}
	EndGlobalSection
EndGlobal
